
Microsoft Visual Studio Solution File, Format Version 12.00
# Visual Studio Version 17
VisualStudioVersion = 17.4.33213.308
MinimumVisualStudioVersion = 10.0.40219.1
Project("{9A19103F-16F7-4668-BE54-9A1E7A4F7556}") = "EFCoreWithPostgreSQL", "EFCoreWithPostgreSQL\EFCoreWithPostgreSQL.csproj", "{F0B6B3CD-4407-42DB-8087-9C11B2E715BB}"
EndProject
Project("{E53339B2-1760-4266-BCC7-CA923CBCF16C}") = "docker-compose", "docker-compose.dcproj", "{ACF8FEC2-218B-41C2-8926-D570E19A2E04}"
EndProject
Global
	GlobalSection(SolutionConfigurationPlatforms) = preSolution
		Debug|Any CPU = Debug|Any CPU
		Release|Any CPU = Release|Any CPU
	EndGlobalSection
	GlobalSection(ProjectConfigurationPlatforms) = postSolution
		{F0B6B3CD-4407-42DB-8087-9C11B2E715BB}.Debug|Any CPU.ActiveCfg = Debug|Any CPU
		{F0B6B3CD-4407-42DB-8087-9C11B2E715BB}.Debug|Any CPU.Build.0 = Debug|Any CPU
		{F0B6B3CD-4407-42DB-8087-9C11B2E715BB}.Release|Any CPU.ActiveCfg = Release|Any CPU
		{F0B6B3CD-4407-42DB-8087-9C11B2E715BB}.Release|Any CPU.Build.0 = Release|Any CPU
		{ACF8FEC2-218B-41C2-8926-D570E19A2E04}.Debug|Any CPU.ActiveCfg = Debug|Any CPU
		{ACF8FEC2-218B-41C2-8926-D570E19A2E04}.Debug|Any CPU.Build.0 = Debug|Any CPU
		{ACF8FEC2-218B-41C2-8926-D570E19A2E04}.Release|Any CPU.ActiveCfg = Release|Any CPU
		{ACF8FEC2-218B-41C2-8926-D570E19A2E04}.Release|Any CPU.Build.0 = Release|Any CPU
	EndGlobalSection
	GlobalSection(SolutionProperties) = preSolution
		HideSolutionNode = FALSE
	EndGlobalSection
	GlobalSection(ExtensibilityGlobals) = postSolution
		SolutionGuid = {71610A27-8284-4501-B6D9-0BDA11EE1329}
	EndGlobalSection
EndGlobal
